// !$*UTF8*$!
{
	archiveVersion = 1;
	classes = {
	};
	objectVersion = 50;
	objects = {

/* Begin PBXBuildFile section */
		EA91389A20A254350079B76D /* BankViewController.swift in Sources */ = {isa = PBXBuildFile; fileRef = EA91389920A254350079B76D /* BankViewController.swift */; };
		EA9138A020A26A500079B76D /* Date+Extension.swift in Sources */ = {isa = PBXBuildFile; fileRef = EA91389F20A26A500079B76D /* Date+Extension.swift */; };
		EA9138A220A270870079B76D /* TransationTableViewCell.swift in Sources */ = {isa = PBXBuildFile; fileRef = EA9138A120A270870079B76D /* TransationTableViewCell.swift */; };
		EA9138A420A272370079B76D /* BankRouter.swift in Sources */ = {isa = PBXBuildFile; fileRef = EA9138A320A272370079B76D /* BankRouter.swift */; };
		EA9138A620A2728F0079B76D /* BankInteractor.swift in Sources */ = {isa = PBXBuildFile; fileRef = EA9138A520A2728E0079B76D /* BankInteractor.swift */; };
		EA9138A820A272E30079B76D /* BankPresenter.swift in Sources */ = {isa = PBXBuildFile; fileRef = EA9138A720A272E30079B76D /* BankPresenter.swift */; };
		EA9138AA20A274A80079B76D /* Transaction.swift in Sources */ = {isa = PBXBuildFile; fileRef = EA9138A920A274A80079B76D /* Transaction.swift */; };
		EA9138AC20A274DC0079B76D /* Bank.swift in Sources */ = {isa = PBXBuildFile; fileRef = EA9138AB20A274DC0079B76D /* Bank.swift */; };
		EA9138B220A4E6530079B76D /* BankViewControllerTests.swift in Sources */ = {isa = PBXBuildFile; fileRef = EA9138B120A4E6530079B76D /* BankViewControllerTests.swift */; };
		EA9138B420A4ECE20079B76D /* Date+ExtensionTests.swift in Sources */ = {isa = PBXBuildFile; fileRef = EA9138B320A4ECE20079B76D /* Date+ExtensionTests.swift */; };
		EA9138B620A4ED9E0079B76D /* TransationTableViewCellTests.swift in Sources */ = {isa = PBXBuildFile; fileRef = EA9138B520A4ED9E0079B76D /* TransationTableViewCellTests.swift */; };
		EA9138B820A4EEA00079B76D /* BankRouterTests.swift in Sources */ = {isa = PBXBuildFile; fileRef = EA9138B720A4EEA00079B76D /* BankRouterTests.swift */; };
		EA9138BA20A4F0850079B76D /* BankPresenterTests.swift in Sources */ = {isa = PBXBuildFile; fileRef = EA9138B920A4F0850079B76D /* BankPresenterTests.swift */; };
		EAFD2E1520A11FA0007CFE88 /* AppDelegate.swift in Sources */ = {isa = PBXBuildFile; fileRef = EAFD2E1420A11FA0007CFE88 /* AppDelegate.swift */; };
		EAFD2E1A20A11FA0007CFE88 /* Main.storyboard in Resources */ = {isa = PBXBuildFile; fileRef = EAFD2E1820A11FA0007CFE88 /* Main.storyboard */; };
		EAFD2E1F20A11FA2007CFE88 /* Assets.xcassets in Resources */ = {isa = PBXBuildFile; fileRef = EAFD2E1E20A11FA2007CFE88 /* Assets.xcassets */; };
		EAFD2E2220A11FA2007CFE88 /* LaunchScreen.storyboard in Resources */ = {isa = PBXBuildFile; fileRef = EAFD2E2020A11FA2007CFE88 /* LaunchScreen.storyboard */; };
/* End PBXBuildFile section */

/* Begin PBXContainerItemProxy section */
		EAFD2E2920A11FA2007CFE88 /* PBXContainerItemProxy */ = {
			isa = PBXContainerItemProxy;
			containerPortal = EAFD2E0920A11FA0007CFE88 /* Project object */;
			proxyType = 1;
			remoteGlobalIDString = EAFD2E1020A11FA0007CFE88;
			remoteInfo = CodeExample;
		};
/* End PBXContainerItemProxy section */

/* Begin PBXFileReference section */
		EA91389920A254350079B76D /* BankViewController.swift */ = {isa = PBXFileReference; lastKnownFileType = sourcecode.swift; path = BankViewController.swift; sourceTree = "<group>"; };
		EA91389F20A26A500079B76D /* Date+Extension.swift */ = {isa = PBXFileReference; lastKnownFileType = sourcecode.swift; path = "Date+Extension.swift"; sourceTree = "<group>"; };
		EA9138A120A270870079B76D /* TransationTableViewCell.swift */ = {isa = PBXFileReference; lastKnownFileType = sourcecode.swift; path = TransationTableViewCell.swift; sourceTree = "<group>"; };
		EA9138A320A272370079B76D /* BankRouter.swift */ = {isa = PBXFileReference; lastKnownFileType = sourcecode.swift; path = BankRouter.swift; sourceTree = "<group>"; };
		EA9138A520A2728E0079B76D /* BankInteractor.swift */ = {isa = PBXFileReference; lastKnownFileType = sourcecode.swift; path = BankInteractor.swift; sourceTree = "<group>"; };
		EA9138A720A272E30079B76D /* BankPresenter.swift */ = {isa = PBXFileReference; lastKnownFileType = sourcecode.swift; path = BankPresenter.swift; sourceTree = "<group>"; };
		EA9138A920A274A80079B76D /* Transaction.swift */ = {isa = PBXFileReference; lastKnownFileType = sourcecode.swift; path = Transaction.swift; sourceTree = "<group>"; };
		EA9138AB20A274DC0079B76D /* Bank.swift */ = {isa = PBXFileReference; lastKnownFileType = sourcecode.swift; path = Bank.swift; sourceTree = "<group>"; };
		EA9138B120A4E6530079B76D /* BankViewControllerTests.swift */ = {isa = PBXFileReference; lastKnownFileType = sourcecode.swift; path = BankViewControllerTests.swift; sourceTree = "<group>"; };
		EA9138B320A4ECE20079B76D /* Date+ExtensionTests.swift */ = {isa = PBXFileReference; lastKnownFileType = sourcecode.swift; path = "Date+ExtensionTests.swift"; sourceTree = "<group>"; };
		EA9138B520A4ED9E0079B76D /* TransationTableViewCellTests.swift */ = {isa = PBXFileReference; lastKnownFileType = sourcecode.swift; path = TransationTableViewCellTests.swift; sourceTree = "<group>"; };
		EA9138B720A4EEA00079B76D /* BankRouterTests.swift */ = {isa = PBXFileReference; lastKnownFileType = sourcecode.swift; path = BankRouterTests.swift; sourceTree = "<group>"; };
		EA9138B920A4F0850079B76D /* BankPresenterTests.swift */ = {isa = PBXFileReference; lastKnownFileType = sourcecode.swift; path = BankPresenterTests.swift; sourceTree = "<group>"; };
		EAFD2E1120A11FA0007CFE88 /* CodeExample.app */ = {isa = PBXFileReference; explicitFileType = wrapper.application; includeInIndex = 0; path = CodeExample.app; sourceTree = BUILT_PRODUCTS_DIR; };
		EAFD2E1420A11FA0007CFE88 /* AppDelegate.swift */ = {isa = PBXFileReference; lastKnownFileType = sourcecode.swift; path = AppDelegate.swift; sourceTree = "<group>"; };
		EAFD2E1920A11FA0007CFE88 /* Base */ = {isa = PBXFileReference; lastKnownFileType = file.storyboard; name = Base; path = Base.lproj/Main.storyboard; sourceTree = "<group>"; };
		EAFD2E1E20A11FA2007CFE88 /* Assets.xcassets */ = {isa = PBXFileReference; lastKnownFileType = folder.assetcatalog; path = Assets.xcassets; sourceTree = "<group>"; };
		EAFD2E2120A11FA2007CFE88 /* Base */ = {isa = PBXFileReference; lastKnownFileType = file.storyboard; name = Base; path = Base.lproj/LaunchScreen.storyboard; sourceTree = "<group>"; };
		EAFD2E2320A11FA2007CFE88 /* Info.plist */ = {isa = PBXFileReference; lastKnownFileType = text.plist.xml; path = Info.plist; sourceTree = "<group>"; };
		EAFD2E2820A11FA2007CFE88 /* CodeExampleTests.xctest */ = {isa = PBXFileReference; explicitFileType = wrapper.cfbundle; includeInIndex = 0; path = CodeExampleTests.xctest; sourceTree = BUILT_PRODUCTS_DIR; };
		EAFD2E2E20A11FA2007CFE88 /* Info.plist */ = {isa = PBXFileReference; lastKnownFileType = text.plist.xml; path = Info.plist; sourceTree = "<group>"; };
/* End PBXFileReference section */

/* Begin PBXFrameworksBuildPhase section */
		EAFD2E0E20A11FA0007CFE88 /* Frameworks */ = {
			isa = PBXFrameworksBuildPhase;
			buildActionMask = 2147483647;
			files = (
			);
			runOnlyForDeploymentPostprocessing = 0;
		};
		EAFD2E2520A11FA2007CFE88 /* Frameworks */ = {
			isa = PBXFrameworksBuildPhase;
			buildActionMask = 2147483647;
			files = (
			);
			runOnlyForDeploymentPostprocessing = 0;
		};
/* End PBXFrameworksBuildPhase section */

/* Begin PBXGroup section */
		EAFD2E0820A11FA0007CFE88 = {
			isa = PBXGroup;
			children = (
				EAFD2E1320A11FA0007CFE88 /* CodeExample */,
				EAFD2E2B20A11FA2007CFE88 /* CodeExampleTests */,
				EAFD2E1220A11FA0007CFE88 /* Products */,
			);
			sourceTree = "<group>";
		};
		EAFD2E1220A11FA0007CFE88 /* Products */ = {
			isa = PBXGroup;
			children = (
				EAFD2E1120A11FA0007CFE88 /* CodeExample.app */,
				EAFD2E2820A11FA2007CFE88 /* CodeExampleTests.xctest */,
			);
			name = Products;
			sourceTree = "<group>";
		};
		EAFD2E1320A11FA0007CFE88 /* CodeExample */ = {
			isa = PBXGroup;
			children = (
				EAFD2E1420A11FA0007CFE88 /* AppDelegate.swift */,
				EAFD2E1820A11FA0007CFE88 /* Main.storyboard */,
				EAFD2E1E20A11FA2007CFE88 /* Assets.xcassets */,
				EAFD2E2020A11FA2007CFE88 /* LaunchScreen.storyboard */,
				EAFD2E2320A11FA2007CFE88 /* Info.plist */,
				EA91389920A254350079B76D /* BankViewController.swift */,
				EA91389F20A26A500079B76D /* Date+Extension.swift */,
				EA9138A120A270870079B76D /* TransationTableViewCell.swift */,
				EA9138A320A272370079B76D /* BankRouter.swift */,
				EA9138A520A2728E0079B76D /* BankInteractor.swift */,
				EA9138A720A272E30079B76D /* BankPresenter.swift */,
				EA9138A920A274A80079B76D /* Transaction.swift */,
				EA9138AB20A274DC0079B76D /* Bank.swift */,
			);
			path = CodeExample;
			sourceTree = "<group>";
		};
		EAFD2E2B20A11FA2007CFE88 /* CodeExampleTests */ = {
			isa = PBXGroup;
			children = (
				EAFD2E2E20A11FA2007CFE88 /* Info.plist */,
				EA9138B120A4E6530079B76D /* BankViewControllerTests.swift */,
				EA9138B320A4ECE20079B76D /* Date+ExtensionTests.swift */,
				EA9138B520A4ED9E0079B76D /* TransationTableViewCellTests.swift */,
				EA9138B720A4EEA00079B76D /* BankRouterTests.swift */,
				EA9138B920A4F0850079B76D /* BankPresenterTests.swift */,
			);
			path = CodeExampleTests;
			sourceTree = "<group>";
		};
/* End PBXGroup section */

/* Begin PBXNativeTarget section */
		EAFD2E1020A11FA0007CFE88 /* CodeExample */ = {
			isa = PBXNativeTarget;
			buildConfigurationList = EAFD2E3120A11FA2007CFE88 /* Build configuration list for PBXNativeTarget "CodeExample" */;
			buildPhases = (
				EAFD2E0D20A11FA0007CFE88 /* Sources */,
				EAFD2E0E20A11FA0007CFE88 /* Frameworks */,
				EAFD2E0F20A11FA0007CFE88 /* Resources */,
			);
			buildRules = (
			);
			dependencies = (
			);
			name = CodeExample;
			productName = CodeExample;
			productReference = EAFD2E1120A11FA0007CFE88 /* CodeExample.app */;
			productType = "com.apple.product-type.application";
		};
		EAFD2E2720A11FA2007CFE88 /* CodeExampleTests */ = {
			isa = PBXNativeTarget;
			buildConfigurationList = EAFD2E3420A11FA2007CFE88 /* Build configuration list for PBXNativeTarget "CodeExampleTests" */;
			buildPhases = (
				EAFD2E2420A11FA2007CFE88 /* Sources */,
				EAFD2E2520A11FA2007CFE88 /* Frameworks */,
				EAFD2E2620A11FA2007CFE88 /* Resources */,
			);
			buildRules = (
			);
			dependencies = (
				EAFD2E2A20A11FA2007CFE88 /* PBXTargetDependency */,
			);
			name = CodeExampleTests;
			productName = CodeExampleTests;
			productReference = EAFD2E2820A11FA2007CFE88 /* CodeExampleTests.xctest */;
			productType = "com.apple.product-type.bundle.unit-test";
		};
/* End PBXNativeTarget section */

/* Begin PBXProject section */
		EAFD2E0920A11FA0007CFE88 /* Project object */ = {
			isa = PBXProject;
			attributes = {
				LastSwiftUpdateCheck = 0930;
				LastUpgradeCheck = 0930;
				ORGANIZATIONNAME = "Ethan Riback";
				TargetAttributes = {
					EAFD2E1020A11FA0007CFE88 = {
						CreatedOnToolsVersion = 9.3;
					};
					EAFD2E2720A11FA2007CFE88 = {
						CreatedOnToolsVersion = 9.3;
						TestTargetID = EAFD2E1020A11FA0007CFE88;
					};
				};
			};
			buildConfigurationList = EAFD2E0C20A11FA0007CFE88 /* Build configuration list for PBXProject "CodeExample" */;
			compatibilityVersion = "Xcode 9.3";
			developmentRegion = en;
			hasScannedForEncodings = 0;
			knownRegions = (
				en,
				Base,
			);
			mainGroup = EAFD2E0820A11FA0007CFE88;
			productRefGroup = EAFD2E1220A11FA0007CFE88 /* Products */;
			projectDirPath = "";
			projectRoot = "";
			targets = (
				EAFD2E1020A11FA0007CFE88 /* CodeExample */,
				EAFD2E2720A11FA2007CFE88 /* CodeExampleTests */,
			);
		};
/* End PBXProject section */

/* Begin PBXResourcesBuildPhase section */
		EAFD2E0F20A11FA0007CFE88 /* Resources */ = {
			isa = PBXResourcesBuildPhase;
			buildActionMask = 2147483647;
			files = (
				EAFD2E2220A11FA2007CFE88 /* LaunchScreen.storyboard in Resources */,
				EAFD2E1F20A11FA2007CFE88 /* Assets.xcassets in Resources */,
				EAFD2E1A20A11FA0007CFE88 /* Main.storyboard in Resources */,
			);
			runOnlyForDeploymentPostprocessing = 0;
		};
		EAFD2E2620A11FA2007CFE88 /* Resources */ = {
			isa = PBXResourcesBuildPhase;
			buildActionMask = 2147483647;
			files = (
			);
			runOnlyForDeploymentPostprocessing = 0;
		};
/* End PBXResourcesBuildPhase section */

/* Begin PBXSourcesBuildPhase section */
		EAFD2E0D20A11FA0007CFE88 /* Sources */ = {
			isa = PBXSourcesBuildPhase;
			buildActionMask = 2147483647;
			files = (
				EA9138A620A2728F0079B76D /* BankInteractor.swift in Sources */,
				EA9138A420A272370079B76D /* BankRouter.swift in Sources */,
				EA9138AA20A274A80079B76D /* Transaction.swift in Sources */,
				EAFD2E1520A11FA0007CFE88 /* AppDelegate.swift in Sources */,
				EA9138A820A272E30079B76D /* BankPresenter.swift in Sources */,
				EA9138A020A26A500079B76D /* Date+Extension.swift in Sources */,
				EA9138AC20A274DC0079B76D /* Bank.swift in Sources */,
				EA9138A220A270870079B76D /* TransationTableViewCell.swift in Sources */,
				EA91389A20A254350079B76D /* BankViewController.swift in Sources */,
			);
			runOnlyForDeploymentPostprocessing = 0;
		};
		EAFD2E2420A11FA2007CFE88 /* Sources */ = {
			isa = PBXSourcesBuildPhase;
			buildActionMask = 2147483647;
			files = (
				EA9138B820A4EEA00079B76D /* BankRouterTests.swift in Sources */,
				EA9138BA20A4F0850079B76D /* BankPresenterTests.swift in Sources */,
				EA9138B220A4E6530079B76D /* BankViewControllerTests.swift in Sources */,
				EA9138B420A4ECE20079B76D /* Date+ExtensionTests.swift in Sources */,
				EA9138B620A4ED9E0079B76D /* TransationTableViewCellTests.swift in Sources */,
			);
			runOnlyForDeploymentPostprocessing = 0;
		};
/* End PBXSourcesBuildPhase section */

/* Begin PBXTargetDependency section */
		EAFD2E2A20A11FA2007CFE88 /* PBXTargetDependency */ = {
			isa = PBXTargetDependency;
			target = EAFD2E1020A11FA0007CFE88 /* CodeExample */;
			targetProxy = EAFD2E2920A11FA2007CFE88 /* PBXContainerItemProxy */;
		};
/* End PBXTargetDependency section */

/* Begin PBXVariantGroup section */
		EAFD2E1820A11FA0007CFE88 /* Main.storyboard */ = {
			isa = PBXVariantGroup;
			children = (
				EAFD2E1920A11FA0007CFE88 /* Base */,
			);
			name = Main.storyboard;
			sourceTree = "<group>";
		};
		EAFD2E2020A11FA2007CFE88 /* LaunchScreen.storyboard */ = {
			isa = PBXVariantGroup;
			children = (
				EAFD2E2120A11FA2007CFE88 /* Base */,
			);
			name = LaunchScreen.storyboard;
			sourceTree = "<group>";
		};
/* End PBXVariantGroup section */

/* Begin XCBuildConfiguration section */
		EAFD2E2F20A11FA2007CFE88 /* Debug */ = {
			isa = XCBuildConfiguration;
			buildSettings = {
				ALWAYS_SEARCH_USER_PATHS = NO;
				CLANG_ANALYZER_NONNULL = YES;
				CLANG_ANALYZER_NUMBER_OBJECT_CONVERSION = YES_AGGRESSIVE;
				CLANG_CXX_LANGUAGE_STANDARD = "gnu++14";
				CLANG_CXX_LIBRARY = "libc++";
				CLANG_ENABLE_MODULES = YES;
				CLANG_ENABLE_OBJC_ARC = YES;
				CLANG_ENABLE_OBJC_WEAK = YES;
				CLANG_WARN_BLOCK_CAPTURE_AUTORELEASING = YES;
				CLANG_WARN_BOOL_CONVERSION = YES;
				CLANG_WARN_COMMA = YES;
				CLANG_WARN_CONSTANT_CONVERSION = YES;
				CLANG_WARN_DEPRECATED_OBJC_IMPLEMENTATIONS = YES;
				CLANG_WARN_DIRECT_OBJC_ISA_USAGE = YES_ERROR;
				CLANG_WARN_DOCUMENTATION_COMMENTS = YES;
				CLANG_WARN_EMPTY_BODY = YES;
				CLANG_WARN_ENUM_CONVERSION = YES;
				CLANG_WARN_INFINITE_RECURSION = YES;
				CLANG_WARN_INT_CONVERSION = YES;
				CLANG_WARN_NON_LITERAL_NULL_CONVERSION = YES;
				CLANG_WARN_OBJC_IMPLICIT_RETAIN_SELF = YES;
				CLANG_WARN_OBJC_LITERAL_CONVERSION = YES;
				CLANG_WARN_OBJC_ROOT_CLASS = YES_ERROR;
				CLANG_WARN_RANGE_LOOP_ANALYSIS = YES;
				CLANG_WARN_STRICT_PROTOTYPES = YES;
				CLANG_WARN_SUSPICIOUS_MOVE = YES;
				CLANG_WARN_UNGUARDED_AVAILABILITY = YES_AGGRESSIVE;
				CLANG_WARN_UNREACHABLE_CODE = YES;
				CLANG_WARN__DUPLICATE_METHOD_MATCH = YES;
				CODE_SIGN_IDENTITY = "iPhone Developer";
				COPY_PHASE_STRIP = NO;
				DEBUG_INFORMATION_FORMAT = dwarf;
				ENABLE_STRICT_OBJC_MSGSEND = YES;
				ENABLE_TESTABILITY = YES;
				GCC_C_LANGUAGE_STANDARD = gnu11;
				GCC_DYNAMIC_NO_PIC = NO;
				GCC_NO_COMMON_BLOCKS = YES;
				GCC_OPTIMIZATION_LEVEL = 0;
				GCC_PREPROCESSOR_DEFINITIONS = (
					"DEBUG=1",
					"$(inherited)",
				);
				GCC_WARN_64_TO_32_BIT_CONVERSION = YES;
				GCC_WARN_ABOUT_RETURN_TYPE = YES_ERROR;
				GCC_WARN_UNDECLARED_SELECTOR = YES;
				GCC_WARN_UNINITIALIZED_AUTOS = YES_AGGRESSIVE;
				GCC_WARN_UNUSED_FUNCTION = YES;
				GCC_WARN_UNUSED_VARIABLE = YES;
				IPHONEOS_DEPLOYMENT_TARGET = 11.3;
				MTL_ENABLE_DEBUG_INFO = YES;
				ONLY_ACTIVE_ARCH = YES;
				SDKROOT = iphoneos;
				SWIFT_ACTIVE_COMPILATION_CONDITIONS = DEBUG;
				SWIFT_OPTIMIZATION_LEVEL = "-Onone";
			};
			name = Debug;
		};
		EAFD2E3020A11FA2007CFE88 /* Release */ = {
			isa = XCBuildConfiguration;
			buildSettings = {
				ALWAYS_SEARCH_USER_PATHS = NO;
				CLANG_ANALYZER_NONNULL = YES;
				CLANG_ANALYZER_NUMBER_OBJECT_CONVERSION = YES_AGGRESSIVE;
				CLANG_CXX_LANGUAGE_STANDARD = "gnu++14";
				CLANG_CXX_LIBRARY = "libc++";
				CLANG_ENABLE_MODULES = YES;
				CLANG_ENABLE_OBJC_ARC = YES;
				CLANG_ENABLE_OBJC_WEAK = YES;
				CLANG_WARN_BLOCK_CAPTURE_AUTORELEASING = YES;
				CLANG_WARN_BOOL_CONVERSION = YES;
				CLANG_WARN_COMMA = YES;
				CLANG_WARN_CONSTANT_CONVERSION = YES;
				CLANG_WARN_DEPRECATED_OBJC_IMPLEMENTATIONS = YES;
				CLANG_WARN_DIRECT_OBJC_ISA_USAGE = YES_ERROR;
				CLANG_WARN_DOCUMENTATION_COMMENTS = YES;
				CLANG_WARN_EMPTY_BODY = YES;
				CLANG_WARN_ENUM_CONVERSION = YES;
				CLANG_WARN_INFINITE_RECURSION = YES;
				CLANG_WARN_INT_CONVERSION = YES;
				CLANG_WARN_NON_LITERAL_NULL_CONVERSION = YES;
				CLANG_WARN_OBJC_IMPLICIT_RETAIN_SELF = YES;
				CLANG_WARN_OBJC_LITERAL_CONVERSION = YES;
				CLANG_WARN_OBJC_ROOT_CLASS = YES_ERROR;
				CLANG_WARN_RANGE_LOOP_ANALYSIS = YES;
				CLANG_WARN_STRICT_PROTOTYPES = YES;
				CLANG_WARN_SUSPICIOUS_MOVE = YES;
				CLANG_WARN_UNGUARDED_AVAILABILITY = YES_AGGRESSIVE;
				CLANG_WARN_UNREACHABLE_CODE = YES;
				CLANG_WARN__DUPLICATE_METHOD_MATCH = YES;
				CODE_SIGN_IDENTITY = "iPhone Developer";
				COPY_PHASE_STRIP = NO;
				DEBUG_INFORMATION_FORMAT = "dwarf-with-dsym";
				ENABLE_NS_ASSERTIONS = NO;
				ENABLE_STRICT_OBJC_MSGSEND = YES;
				GCC_C_LANGUAGE_STANDARD = gnu11;
				GCC_NO_COMMON_BLOCKS = YES;
				GCC_WARN_64_TO_32_BIT_CONVERSION = YES;
				GCC_WARN_ABOUT_RETURN_TYPE = YES_ERROR;
				GCC_WARN_UNDECLARED_SELECTOR = YES;
				GCC_WARN_UNINITIALIZED_AUTOS = YES_AGGRESSIVE;
				GCC_WARN_UNUSED_FUNCTION = YES;
				GCC_WARN_UNUSED_VARIABLE = YES;
				IPHONEOS_DEPLOYMENT_TARGET = 11.3;
				MTL_ENABLE_DEBUG_INFO = NO;
				SDKROOT = iphoneos;
				SWIFT_COMPILATION_MODE = wholemodule;
				SWIFT_OPTIMIZATION_LEVEL = "-O";
				VALIDATE_PRODUCT = YES;
			};
			name = Release;
		};
		EAFD2E3220A11FA2007CFE88 /* Debug */ = {
			isa = XCBuildConfiguration;
			buildSettings = {
				ASSETCATALOG_COMPILER_APPICON_NAME = AppIcon;
				CODE_SIGN_STYLE = Automatic;
				INFOPLIST_FILE = CodeExample/Info.plist;
				LD_RUNPATH_SEARCH_PATHS = (
					"$(inherited)",
					"@executable_path/Frameworks",
				);
				PRODUCT_BUNDLE_IDENTIFIER = ethanriback.CodeExample;
				PRODUCT_NAME = "$(TARGET_NAME)";
				SWIFT_VERSION = 4.0;
				TARGETED_DEVICE_FAMILY = "1,2";
			};
			name = Debug;
		};
		EAFD2E3320A11FA2007CFE88 /* Release */ = {
			isa = XCBuildConfiguration;
			buildSettings = {
				ASSETCATALOG_COMPILER_APPICON_NAME = AppIcon;
				CODE_SIGN_STYLE = Automatic;
				INFOPLIST_FILE = CodeExample/Info.plist;
				LD_RUNPATH_SEARCH_PATHS = (
					"$(inherited)",
					"@executable_path/Frameworks",
				);
				PRODUCT_BUNDLE_IDENTIFIER = ethanriback.CodeExample;
				PRODUCT_NAME = "$(TARGET_NAME)";
				SWIFT_VERSION = 4.0;
				TARGETED_DEVICE_FAMILY = "1,2";
			};
			name = Release;
		};
		EAFD2E3520A11FA2007CFE88 /* Debug */ = {
			isa = XCBuildConfiguration;
			buildSettings = {
				ALWAYS_EMBED_SWIFT_STANDARD_LIBRARIES = YES;
				BUNDLE_LOADER = "$(TEST_HOST)";
				CODE_SIGN_STYLE = Automatic;
				INFOPLIST_FILE = CodeExampleTests/Info.plist;
				LD_RUNPATH_SEARCH_PATHS = (
					"$(inherited)",
					"@executable_path/Frameworks",
					"@loader_path/Frameworks",
				);
				PRODUCT_BUNDLE_IDENTIFIER = ethanriback.CodeExampleTests;
				PRODUCT_NAME = "$(TARGET_NAME)";
				SWIFT_VERSION = 4.0;
				TARGETED_DEVICE_FAMILY = "1,2";
				TEST_HOST = "$(BUILT_PRODUCTS_DIR)/CodeExample.app/CodeExample";
			};
			name = Debug;
		};
		EAFD2E3620A11FA2007CFE88 /* Release */ = {
			isa = XCBuildConfiguration;
			buildSettings = {
				ALWAYS_EMBED_SWIFT_STANDARD_LIBRARIES = YES;
				BUNDLE_LOADER = "$(TEST_HOST)";
				CODE_SIGN_STYLE = Automatic;
				INFOPLIST_FILE = CodeExampleTests/Info.plist;
				LD_RUNPATH_SEARCH_PATHS = (
					"$(inherited)",
					"@executable_path/Frameworks",
					"@loader_path/Frameworks",
				);
				PRODUCT_BUNDLE_IDENTIFIER = ethanriback.CodeExampleTests;
				PRODUCT_NAME = "$(TARGET_NAME)";
				SWIFT_VERSION = 4.0;
				TARGETED_DEVICE_FAMILY = "1,2";
				TEST_HOST = "$(BUILT_PRODUCTS_DIR)/CodeExample.app/CodeExample";
			};
			name = Release;
		};
/* End XCBuildConfiguration section */

/* Begin XCConfigurationList section */
		EAFD2E0C20A11FA0007CFE88 /* Build configuration list for PBXProject "CodeExample" */ = {
			isa = XCConfigurationList;
			buildConfigurations = (
				EAFD2E2F20A11FA2007CFE88 /* Debug */,
				EAFD2E3020A11FA2007CFE88 /* Release */,
			);
			defaultConfigurationIsVisible = 0;
			defaultConfigurationName = Release;
		};
		EAFD2E3120A11FA2007CFE88 /* Build configuration list for PBXNativeTarget "CodeExample" */ = {
			isa = XCConfigurationList;
			buildConfigurations = (
				EAFD2E3220A11FA2007CFE88 /* Debug */,
				EAFD2E3320A11FA2007CFE88 /* Release */,
			);
			defaultConfigurationIsVisible = 0;
			defaultConfigurationName = Release;
		};
		EAFD2E3420A11FA2007CFE88 /* Build configuration list for PBXNativeTarget "CodeExampleTests" */ = {
			isa = XCConfigurationList;
			buildConfigurations = (
				EAFD2E3520A11FA2007CFE88 /* Debug */,
				EAFD2E3620A11FA2007CFE88 /* Release */,
			);
			defaultConfigurationIsVisible = 0;
			defaultConfigurationName = Release;
		};
/* End XCConfigurationList section */
	};
	rootObject = EAFD2E0920A11FA0007CFE88 /* Project object */;
}
